// !$*UTF8*$!
{
	archiveVersion = 1;
	classes = {
	};
	objectVersion = 46;
	objects = {

/* Begin PBXBuildFile section */
		371E9F9B1E80FA4500242B74 /* BBottledMilkAddView.swift in Sources */ = {isa = PBXBuildFile; fileRef = 371E9F9A1E80FA4500242B74 /* BBottledMilkAddView.swift */; };
		371E9F9D1E8103DC00242B74 /* BBottledMilkDataModel.swift in Sources */ = {isa = PBXBuildFile; fileRef = 371E9F9C1E8103DC00242B74 /* BBottledMilkDataModel.swift */; };
		371E9F9F1E81163600242B74 /* BBottledMilkTableViewCell.swift in Sources */ = {isa = PBXBuildFile; fileRef = 371E9F9E1E81163600242B74 /* BBottledMilkTableViewCell.swift */; };
		3724B2191DE18D42008D5EB3 /* BRegisterViewController.swift in Sources */ = {isa = PBXBuildFile; fileRef = 3724B2181DE18D42008D5EB3 /* BRegisterViewController.swift */; };
		3724B21D1DE18F91008D5EB3 /* common_close@2x.png in Resources */ = {isa = PBXBuildFile; fileRef = 3724B21B1DE18F91008D5EB3 /* common_close@2x.png */; };
		3724B21E1DE18F91008D5EB3 /* common_close@3x.png in Resources */ = {isa = PBXBuildFile; fileRef = 3724B21C1DE18F91008D5EB3 /* common_close@3x.png */; };
		3724B2221DE1937E008D5EB3 /* register_verifyCode@2x.png in Resources */ = {isa = PBXBuildFile; fileRef = 3724B2201DE1937E008D5EB3 /* register_verifyCode@2x.png */; };
		3724B2231DE1937E008D5EB3 /* register_verifyCode@3x.png in Resources */ = {isa = PBXBuildFile; fileRef = 3724B2211DE1937E008D5EB3 /* register_verifyCode@3x.png */; };
		37389C2C1E7037D400913D26 /* BBreastMilkTableViewCell.swift in Sources */ = {isa = PBXBuildFile; fileRef = 37389C2B1E7037D400913D26 /* BBreastMilkTableViewCell.swift */; };
		3759CDD91DDC726A006BE20B /* login_password@2x.png in Resources */ = {isa = PBXBuildFile; fileRef = 3759CDD51DDC726A006BE20B /* login_password@2x.png */; };
		3759CDDA1DDC726A006BE20B /* login_password@3x.png in Resources */ = {isa = PBXBuildFile; fileRef = 3759CDD61DDC726A006BE20B /* login_password@3x.png */; };
		3759CDDB1DDC726A006BE20B /* login_phone@2x.png in Resources */ = {isa = PBXBuildFile; fileRef = 3759CDD71DDC726A006BE20B /* login_phone@2x.png */; };
		3759CDDC1DDC726A006BE20B /* login_phone@3x.png in Resources */ = {isa = PBXBuildFile; fileRef = 3759CDD81DDC726A006BE20B /* login_phone@3x.png */; };
		3759CDE01DDCCBBE006BE20B /* Entity.swift in Sources */ = {isa = PBXBuildFile; fileRef = 3759CDDF1DDCCBBE006BE20B /* Entity.swift */; };
		3759CDE21DDD96DF006BE20B /* BUser.swift in Sources */ = {isa = PBXBuildFile; fileRef = 3759CDE11DDD96DF006BE20B /* BUser.swift */; };
		3772B8751DDF777D00026276 /* BUserSession.swift in Sources */ = {isa = PBXBuildFile; fileRef = 3772B8741DDF777D00026276 /* BUserSession.swift */; };
		378938B71DFD38C7002C2F7A /* BBreastMilkViewController.swift in Sources */ = {isa = PBXBuildFile; fileRef = 378938B61DFD38C7002C2F7A /* BBreastMilkViewController.swift */; };
		378938BB1DFD392E002C2F7A /* BBottledMilkViewController.swift in Sources */ = {isa = PBXBuildFile; fileRef = 378938BA1DFD392E002C2F7A /* BBottledMilkViewController.swift */; };
		3793D8661DDACAB400AF87A8 /* AppDelegate.swift in Sources */ = {isa = PBXBuildFile; fileRef = 3793D8651DDACAB400AF87A8 /* AppDelegate.swift */; };
		3793D86D1DDACAB400AF87A8 /* Assets.xcassets in Resources */ = {isa = PBXBuildFile; fileRef = 3793D86C1DDACAB400AF87A8 /* Assets.xcassets */; };
		3793D8971DDACAFE00AF87A8 /* HttpManager.swift in Sources */ = {isa = PBXBuildFile; fileRef = 3793D87D1DDACAFE00AF87A8 /* HttpManager.swift */; };
		3793D8981DDACAFE00AF87A8 /* JDataModel.swift in Sources */ = {isa = PBXBuildFile; fileRef = 3793D87E1DDACAFE00AF87A8 /* JDataModel.swift */; };
		3793D8991DDACAFE00AF87A8 /* String.swift in Sources */ = {isa = PBXBuildFile; fileRef = 3793D87F1DDACAFE00AF87A8 /* String.swift */; };
		3793D89A1DDACAFE00AF87A8 /* UIColor+Extension.swift in Sources */ = {isa = PBXBuildFile; fileRef = 3793D8801DDACAFE00AF87A8 /* UIColor+Extension.swift */; };
		3793D89B1DDACAFE00AF87A8 /* UIImage+Extension.swift in Sources */ = {isa = PBXBuildFile; fileRef = 3793D8811DDACAFE00AF87A8 /* UIImage+Extension.swift */; };
		3793D89C1DDACAFE00AF87A8 /* UIView+Extension.swift in Sources */ = {isa = PBXBuildFile; fileRef = 3793D8821DDACAFE00AF87A8 /* UIView+Extension.swift */; };
		3793D89D1DDACAFE00AF87A8 /* Util.swift in Sources */ = {isa = PBXBuildFile; fileRef = 3793D8831DDACAFE00AF87A8 /* Util.swift */; };
		3793D89E1DDACAFE00AF87A8 /* JCacheManager.m in Sources */ = {isa = PBXBuildFile; fileRef = 3793D8861DDACAFE00AF87A8 /* JCacheManager.m */; };
		3793D89F1DDACAFE00AF87A8 /* BMainViewController.swift in Sources */ = {isa = PBXBuildFile; fileRef = 3793D88A1DDACAFE00AF87A8 /* BMainViewController.swift */; };
		3793D8A01DDACAFE00AF87A8 /* JBaseTableViewCell.swift in Sources */ = {isa = PBXBuildFile; fileRef = 3793D88E1DDACAFE00AF87A8 /* JBaseTableViewCell.swift */; };
		3793D8A11DDACAFE00AF87A8 /* JBaseViewController.swift in Sources */ = {isa = PBXBuildFile; fileRef = 3793D88F1DDACAFE00AF87A8 /* JBaseViewController.swift */; };
		3793D8A21DDACAFE00AF87A8 /* JHttpTableViewController.swift in Sources */ = {isa = PBXBuildFile; fileRef = 3793D8901DDACAFE00AF87A8 /* JHttpTableViewController.swift */; };
		3793D8A31DDACAFE00AF87A8 /* JLoadMoreTableViewCell.swift in Sources */ = {isa = PBXBuildFile; fileRef = 3793D8911DDACAFE00AF87A8 /* JLoadMoreTableViewCell.swift */; };
		3793D8A41DDACAFE00AF87A8 /* JNavigationController.swift in Sources */ = {isa = PBXBuildFile; fileRef = 3793D8921DDACAFE00AF87A8 /* JNavigationController.swift */; };
		3793D8A51DDACAFE00AF87A8 /* JOnePixLineView.swift in Sources */ = {isa = PBXBuildFile; fileRef = 3793D8931DDACAFE00AF87A8 /* JOnePixLineView.swift */; };
		3793D8A61DDACAFE00AF87A8 /* JPullRefreshLoadMoreViewController.swift in Sources */ = {isa = PBXBuildFile; fileRef = 3793D8941DDACAFE00AF87A8 /* JPullRefreshLoadMoreViewController.swift */; };
		3793D8A71DDACAFE00AF87A8 /* JPullRefreshViewController.swift in Sources */ = {isa = PBXBuildFile; fileRef = 3793D8951DDACAFE00AF87A8 /* JPullRefreshViewController.swift */; };
		3793D8A81DDACAFE00AF87A8 /* JRefreshView.swift in Sources */ = {isa = PBXBuildFile; fileRef = 3793D8961DDACAFE00AF87A8 /* JRefreshView.swift */; };
		37961A981E800C4500F5AB67 /* JCoverShadowView.swift in Sources */ = {isa = PBXBuildFile; fileRef = 37961A971E800C4500F5AB67 /* JCoverShadowView.swift */; };
		37961A9A1E800CE100F5AB67 /* BBreastMilkAddView.swift in Sources */ = {isa = PBXBuildFile; fileRef = 37961A991E800CE100F5AB67 /* BBreastMilkAddView.swift */; };
		37961A9C1E800D1500F5AB67 /* BBreastMilkDataModel.swift in Sources */ = {isa = PBXBuildFile; fileRef = 37961A9B1E800D1500F5AB67 /* BBreastMilkDataModel.swift */; };
		37961A9E1E800DE800F5AB67 /* BSegmentControl.swift in Sources */ = {isa = PBXBuildFile; fileRef = 37961A9D1E800DE800F5AB67 /* BSegmentControl.swift */; };
		37961AA01E800E5600F5AB67 /* BMainBabiesScrollView.swift in Sources */ = {isa = PBXBuildFile; fileRef = 37961A9F1E800E5600F5AB67 /* BMainBabiesScrollView.swift */; };
		37BDE6541DDAD392009C98CE /* Macros.swift in Sources */ = {isa = PBXBuildFile; fileRef = 37BDE6531DDAD392009C98CE /* Macros.swift */; };
		37BDE65C1DDAFB82009C98CE /* BLoginViewController.swift in Sources */ = {isa = PBXBuildFile; fileRef = 37BDE65B1DDAFB82009C98CE /* BLoginViewController.swift */; };
		37E873861DE02588008A99F6 /* Hud.swift in Sources */ = {isa = PBXBuildFile; fileRef = 37E873851DE02588008A99F6 /* Hud.swift */; };
		37F7766B1DE1FABE00557F9A /* JWebViewController.swift in Sources */ = {isa = PBXBuildFile; fileRef = 37F7766A1DE1FABE00557F9A /* JWebViewController.swift */; };
		37F7766D1DE2C28400557F9A /* BMainTabBar.swift in Sources */ = {isa = PBXBuildFile; fileRef = 37F7766C1DE2C28400557F9A /* BMainTabBar.swift */; };
		37F7766F1DE2EF1500557F9A /* BRecordViewController.swift in Sources */ = {isa = PBXBuildFile; fileRef = 37F7766E1DE2EF1500557F9A /* BRecordViewController.swift */; };
		37F776711DE2EF5C00557F9A /* BScheduleViewController.swift in Sources */ = {isa = PBXBuildFile; fileRef = 37F776701DE2EF5C00557F9A /* BScheduleViewController.swift */; };
		37F776731DE2EF6500557F9A /* BMineViewController.swift in Sources */ = {isa = PBXBuildFile; fileRef = 37F776721DE2EF6500557F9A /* BMineViewController.swift */; };
		4A6399BB36D2624017FB5A28 /* Pods_BabyCare.framework in Frameworks */ = {isa = PBXBuildFile; fileRef = 5D8F9DA3FE7DC483C8A95E72 /* Pods_BabyCare.framework */; };
/* End PBXBuildFile section */

/* Begin PBXFileReference section */
		371E9F9A1E80FA4500242B74 /* BBottledMilkAddView.swift */ = {isa = PBXFileReference; fileEncoding = 4; lastKnownFileType = sourcecode.swift; path = BBottledMilkAddView.swift; sourceTree = "<group>"; };
		371E9F9C1E8103DC00242B74 /* BBottledMilkDataModel.swift */ = {isa = PBXFileReference; fileEncoding = 4; lastKnownFileType = sourcecode.swift; path = BBottledMilkDataModel.swift; sourceTree = "<group>"; };
		371E9F9E1E81163600242B74 /* BBottledMilkTableViewCell.swift */ = {isa = PBXFileReference; fileEncoding = 4; lastKnownFileType = sourcecode.swift; path = BBottledMilkTableViewCell.swift; sourceTree = "<group>"; };
		3724B2181DE18D42008D5EB3 /* BRegisterViewController.swift */ = {isa = PBXFileReference; fileEncoding = 4; lastKnownFileType = sourcecode.swift; path = BRegisterViewController.swift; sourceTree = "<group>"; };
		3724B21B1DE18F91008D5EB3 /* common_close@2x.png */ = {isa = PBXFileReference; lastKnownFileType = image.png; path = "common_close@2x.png"; sourceTree = "<group>"; };
		3724B21C1DE18F91008D5EB3 /* common_close@3x.png */ = {isa = PBXFileReference; lastKnownFileType = image.png; path = "common_close@3x.png"; sourceTree = "<group>"; };
		3724B2201DE1937E008D5EB3 /* register_verifyCode@2x.png */ = {isa = PBXFileReference; lastKnownFileType = image.png; path = "register_verifyCode@2x.png"; sourceTree = "<group>"; };
		3724B2211DE1937E008D5EB3 /* register_verifyCode@3x.png */ = {isa = PBXFileReference; lastKnownFileType = image.png; path = "register_verifyCode@3x.png"; sourceTree = "<group>"; };
		37389C2B1E7037D400913D26 /* BBreastMilkTableViewCell.swift */ = {isa = PBXFileReference; fileEncoding = 4; lastKnownFileType = sourcecode.swift; path = BBreastMilkTableViewCell.swift; sourceTree = "<group>"; };
		3759CDD51DDC726A006BE20B /* login_password@2x.png */ = {isa = PBXFileReference; lastKnownFileType = image.png; path = "login_password@2x.png"; sourceTree = "<group>"; };
		3759CDD61DDC726A006BE20B /* login_password@3x.png */ = {isa = PBXFileReference; lastKnownFileType = image.png; path = "login_password@3x.png"; sourceTree = "<group>"; };
		3759CDD71DDC726A006BE20B /* login_phone@2x.png */ = {isa = PBXFileReference; lastKnownFileType = image.png; path = "login_phone@2x.png"; sourceTree = "<group>"; };
		3759CDD81DDC726A006BE20B /* login_phone@3x.png */ = {isa = PBXFileReference; lastKnownFileType = image.png; path = "login_phone@3x.png"; sourceTree = "<group>"; };
		3759CDDF1DDCCBBE006BE20B /* Entity.swift */ = {isa = PBXFileReference; fileEncoding = 4; lastKnownFileType = sourcecode.swift; path = Entity.swift; sourceTree = "<group>"; };
		3759CDE11DDD96DF006BE20B /* BUser.swift */ = {isa = PBXFileReference; fileEncoding = 4; lastKnownFileType = sourcecode.swift; path = BUser.swift; sourceTree = "<group>"; };
		3772B8741DDF777D00026276 /* BUserSession.swift */ = {isa = PBXFileReference; fileEncoding = 4; lastKnownFileType = sourcecode.swift; path = BUserSession.swift; sourceTree = "<group>"; };
		378938B61DFD38C7002C2F7A /* BBreastMilkViewController.swift */ = {isa = PBXFileReference; fileEncoding = 4; lastKnownFileType = sourcecode.swift; path = BBreastMilkViewController.swift; sourceTree = "<group>"; };
		378938BA1DFD392E002C2F7A /* BBottledMilkViewController.swift */ = {isa = PBXFileReference; fileEncoding = 4; lastKnownFileType = sourcecode.swift; path = BBottledMilkViewController.swift; sourceTree = "<group>"; };
		3793D8621DDACAB400AF87A8 /* BabyCare.app */ = {isa = PBXFileReference; explicitFileType = wrapper.application; includeInIndex = 0; path = BabyCare.app; sourceTree = BUILT_PRODUCTS_DIR; };
		3793D8651DDACAB400AF87A8 /* AppDelegate.swift */ = {isa = PBXFileReference; lastKnownFileType = sourcecode.swift; path = AppDelegate.swift; sourceTree = "<group>"; };
		3793D86C1DDACAB400AF87A8 /* Assets.xcassets */ = {isa = PBXFileReference; lastKnownFileType = folder.assetcatalog; path = Assets.xcassets; sourceTree = "<group>"; };
		3793D8711DDACAB400AF87A8 /* Info.plist */ = {isa = PBXFileReference; lastKnownFileType = text.plist.xml; path = Info.plist; sourceTree = "<group>"; };
		3793D8781DDACAD900AF87A8 /* BabyCare-Bridging-Header.h */ = {isa = PBXFileReference; lastKnownFileType = sourcecode.c.h; path = "BabyCare-Bridging-Header.h"; sourceTree = "<group>"; };
		3793D87D1DDACAFE00AF87A8 /* HttpManager.swift */ = {isa = PBXFileReference; fileEncoding = 4; lastKnownFileType = sourcecode.swift; path = HttpManager.swift; sourceTree = "<group>"; };
		3793D87E1DDACAFE00AF87A8 /* JDataModel.swift */ = {isa = PBXFileReference; fileEncoding = 4; lastKnownFileType = sourcecode.swift; path = JDataModel.swift; sourceTree = "<group>"; };
		3793D87F1DDACAFE00AF87A8 /* String.swift */ = {isa = PBXFileReference; fileEncoding = 4; lastKnownFileType = sourcecode.swift; path = String.swift; sourceTree = "<group>"; };
		3793D8801DDACAFE00AF87A8 /* UIColor+Extension.swift */ = {isa = PBXFileReference; fileEncoding = 4; lastKnownFileType = sourcecode.swift; path = "UIColor+Extension.swift"; sourceTree = "<group>"; };
		3793D8811DDACAFE00AF87A8 /* UIImage+Extension.swift */ = {isa = PBXFileReference; fileEncoding = 4; lastKnownFileType = sourcecode.swift; path = "UIImage+Extension.swift"; sourceTree = "<group>"; };
		3793D8821DDACAFE00AF87A8 /* UIView+Extension.swift */ = {isa = PBXFileReference; fileEncoding = 4; lastKnownFileType = sourcecode.swift; path = "UIView+Extension.swift"; sourceTree = "<group>"; };
		3793D8831DDACAFE00AF87A8 /* Util.swift */ = {isa = PBXFileReference; fileEncoding = 4; lastKnownFileType = sourcecode.swift; path = Util.swift; sourceTree = "<group>"; };
		3793D8851DDACAFE00AF87A8 /* JCacheManager.h */ = {isa = PBXFileReference; fileEncoding = 4; lastKnownFileType = sourcecode.c.h; path = JCacheManager.h; sourceTree = "<group>"; };
		3793D8861DDACAFE00AF87A8 /* JCacheManager.m */ = {isa = PBXFileReference; fileEncoding = 4; lastKnownFileType = sourcecode.c.objc; path = JCacheManager.m; sourceTree = "<group>"; };
		3793D88A1DDACAFE00AF87A8 /* BMainViewController.swift */ = {isa = PBXFileReference; fileEncoding = 4; lastKnownFileType = sourcecode.swift; path = BMainViewController.swift; sourceTree = "<group>"; };
		3793D88E1DDACAFE00AF87A8 /* JBaseTableViewCell.swift */ = {isa = PBXFileReference; fileEncoding = 4; lastKnownFileType = sourcecode.swift; path = JBaseTableViewCell.swift; sourceTree = "<group>"; };
		3793D88F1DDACAFE00AF87A8 /* JBaseViewController.swift */ = {isa = PBXFileReference; fileEncoding = 4; lastKnownFileType = sourcecode.swift; path = JBaseViewController.swift; sourceTree = "<group>"; };
		3793D8901DDACAFE00AF87A8 /* JHttpTableViewController.swift */ = {isa = PBXFileReference; fileEncoding = 4; lastKnownFileType = sourcecode.swift; path = JHttpTableViewController.swift; sourceTree = "<group>"; };
		3793D8911DDACAFE00AF87A8 /* JLoadMoreTableViewCell.swift */ = {isa = PBXFileReference; fileEncoding = 4; lastKnownFileType = sourcecode.swift; path = JLoadMoreTableViewCell.swift; sourceTree = "<group>"; };
		3793D8921DDACAFE00AF87A8 /* JNavigationController.swift */ = {isa = PBXFileReference; fileEncoding = 4; lastKnownFileType = sourcecode.swift; path = JNavigationController.swift; sourceTree = "<group>"; };
		3793D8931DDACAFE00AF87A8 /* JOnePixLineView.swift */ = {isa = PBXFileReference; fileEncoding = 4; lastKnownFileType = sourcecode.swift; path = JOnePixLineView.swift; sourceTree = "<group>"; };
		3793D8941DDACAFE00AF87A8 /* JPullRefreshLoadMoreViewController.swift */ = {isa = PBXFileReference; fileEncoding = 4; lastKnownFileType = sourcecode.swift; path = JPullRefreshLoadMoreViewController.swift; sourceTree = "<group>"; };
		3793D8951DDACAFE00AF87A8 /* JPullRefreshViewController.swift */ = {isa = PBXFileReference; fileEncoding = 4; lastKnownFileType = sourcecode.swift; path = JPullRefreshViewController.swift; sourceTree = "<group>"; };
		3793D8961DDACAFE00AF87A8 /* JRefreshView.swift */ = {isa = PBXFileReference; fileEncoding = 4; lastKnownFileType = sourcecode.swift; path = JRefreshView.swift; sourceTree = "<group>"; };
		37961A971E800C4500F5AB67 /* JCoverShadowView.swift */ = {isa = PBXFileReference; fileEncoding = 4; lastKnownFileType = sourcecode.swift; path = JCoverShadowView.swift; sourceTree = "<group>"; };
		37961A991E800CE100F5AB67 /* BBreastMilkAddView.swift */ = {isa = PBXFileReference; fileEncoding = 4; lastKnownFileType = sourcecode.swift; path = BBreastMilkAddView.swift; sourceTree = "<group>"; };
		37961A9B1E800D1500F5AB67 /* BBreastMilkDataModel.swift */ = {isa = PBXFileReference; fileEncoding = 4; lastKnownFileType = sourcecode.swift; path = BBreastMilkDataModel.swift; sourceTree = "<group>"; };
		37961A9D1E800DE800F5AB67 /* BSegmentControl.swift */ = {isa = PBXFileReference; fileEncoding = 4; lastKnownFileType = sourcecode.swift; path = BSegmentControl.swift; sourceTree = "<group>"; };
		37961A9F1E800E5600F5AB67 /* BMainBabiesScrollView.swift */ = {isa = PBXFileReference; fileEncoding = 4; lastKnownFileType = sourcecode.swift; path = BMainBabiesScrollView.swift; sourceTree = "<group>"; };
		37BDE6531DDAD392009C98CE /* Macros.swift */ = {isa = PBXFileReference; fileEncoding = 4; lastKnownFileType = sourcecode.swift; path = Macros.swift; sourceTree = "<group>"; };
		37BDE65B1DDAFB82009C98CE /* BLoginViewController.swift */ = {isa = PBXFileReference; fileEncoding = 4; lastKnownFileType = sourcecode.swift; path = BLoginViewController.swift; sourceTree = "<group>"; };
		37E873851DE02588008A99F6 /* Hud.swift */ = {isa = PBXFileReference; fileEncoding = 4; lastKnownFileType = sourcecode.swift; path = Hud.swift; sourceTree = "<group>"; };
		37F7766A1DE1FABE00557F9A /* JWebViewController.swift */ = {isa = PBXFileReference; fileEncoding = 4; lastKnownFileType = sourcecode.swift; path = JWebViewController.swift; sourceTree = "<group>"; };
		37F7766C1DE2C28400557F9A /* BMainTabBar.swift */ = {isa = PBXFileReference; fileEncoding = 4; lastKnownFileType = sourcecode.swift; path = BMainTabBar.swift; sourceTree = "<group>"; };
		37F7766E1DE2EF1500557F9A /* BRecordViewController.swift */ = {isa = PBXFileReference; fileEncoding = 4; lastKnownFileType = sourcecode.swift; path = BRecordViewController.swift; sourceTree = "<group>"; };
		37F776701DE2EF5C00557F9A /* BScheduleViewController.swift */ = {isa = PBXFileReference; fileEncoding = 4; lastKnownFileType = sourcecode.swift; path = BScheduleViewController.swift; sourceTree = "<group>"; };
		37F776721DE2EF6500557F9A /* BMineViewController.swift */ = {isa = PBXFileReference; fileEncoding = 4; lastKnownFileType = sourcecode.swift; path = BMineViewController.swift; sourceTree = "<group>"; };
		519F11A5A333A296BBC0B454 /* Pods-BabyCare.debug.xcconfig */ = {isa = PBXFileReference; includeInIndex = 1; lastKnownFileType = text.xcconfig; name = "Pods-BabyCare.debug.xcconfig"; path = "Pods/Target Support Files/Pods-BabyCare/Pods-BabyCare.debug.xcconfig"; sourceTree = "<group>"; };
		5B4AB3BB0D336FE9A5605557 /* Pods-BabyCare.release.xcconfig */ = {isa = PBXFileReference; includeInIndex = 1; lastKnownFileType = text.xcconfig; name = "Pods-BabyCare.release.xcconfig"; path = "Pods/Target Support Files/Pods-BabyCare/Pods-BabyCare.release.xcconfig"; sourceTree = "<group>"; };
		5D8F9DA3FE7DC483C8A95E72 /* Pods_BabyCare.framework */ = {isa = PBXFileReference; explicitFileType = wrapper.framework; includeInIndex = 0; path = Pods_BabyCare.framework; sourceTree = BUILT_PRODUCTS_DIR; };
/* End PBXFileReference section */

/* Begin PBXFrameworksBuildPhase section */
		3793D85F1DDACAB400AF87A8 /* Frameworks */ = {
			isa = PBXFrameworksBuildPhase;
			buildActionMask = 2147483647;
			files = (
				4A6399BB36D2624017FB5A28 /* Pods_BabyCare.framework in Frameworks */,
			);
			runOnlyForDeploymentPostprocessing = 0;
		};
/* End PBXFrameworksBuildPhase section */

/* Begin PBXGroup section */
		3724B21A1DE18F91008D5EB3 /* Common */ = {
			isa = PBXGroup;
			children = (
				3724B21B1DE18F91008D5EB3 /* common_close@2x.png */,
				3724B21C1DE18F91008D5EB3 /* common_close@3x.png */,
			);
			path = Common;
			sourceTree = "<group>";
		};
		3724B21F1DE1937E008D5EB3 /* Register */ = {
			isa = PBXGroup;
			children = (
				3724B2201DE1937E008D5EB3 /* register_verifyCode@2x.png */,
				3724B2211DE1937E008D5EB3 /* register_verifyCode@3x.png */,
			);
			path = Register;
			sourceTree = "<group>";
		};
		3759CDD31DDC721F006BE20B /* Images */ = {
			isa = PBXGroup;
			children = (
				3724B21A1DE18F91008D5EB3 /* Common */,
				3759CDD41DDC726A006BE20B /* Login */,
				3724B21F1DE1937E008D5EB3 /* Register */,
			);
			path = Images;
			sourceTree = "<group>";
		};
		3759CDD41DDC726A006BE20B /* Login */ = {
			isa = PBXGroup;
			children = (
				3759CDD51DDC726A006BE20B /* login_password@2x.png */,
				3759CDD61DDC726A006BE20B /* login_password@3x.png */,
				3759CDD71DDC726A006BE20B /* login_phone@2x.png */,
				3759CDD81DDC726A006BE20B /* login_phone@3x.png */,
			);
			path = Login;
			sourceTree = "<group>";
		};
		3793D8591DDACAB400AF87A8 = {
			isa = PBXGroup;
			children = (
				3793D8641DDACAB400AF87A8 /* BabyCare */,
				3793D8631DDACAB400AF87A8 /* Products */,
				C7E4CB07A7A53BD488A59C42 /* Pods */,
				71195BD2DEF88DA2961FED07 /* Frameworks */,
			);
			sourceTree = "<group>";
		};
		3793D8631DDACAB400AF87A8 /* Products */ = {
			isa = PBXGroup;
			children = (
				3793D8621DDACAB400AF87A8 /* BabyCare.app */,
			);
			name = Products;
			sourceTree = "<group>";
		};
		3793D8641DDACAB400AF87A8 /* BabyCare */ = {
			isa = PBXGroup;
			children = (
				3793D8651DDACAB400AF87A8 /* AppDelegate.swift */,
				37BDE6531DDAD392009C98CE /* Macros.swift */,
				3793D87C1DDACAFE00AF87A8 /* Util */,
				3793D88D1DDACAFE00AF87A8 /* Common */,
				3793D8871DDACAFE00AF87A8 /* Classes */,
				3793D8771DDACAC400AF87A8 /* Resource */,
			);
			path = BabyCare;
			sourceTree = "<group>";
		};
		3793D8771DDACAC400AF87A8 /* Resource */ = {
			isa = PBXGroup;
			children = (
				3793D86C1DDACAB400AF87A8 /* Assets.xcassets */,
				3793D8781DDACAD900AF87A8 /* BabyCare-Bridging-Header.h */,
				3793D8711DDACAB400AF87A8 /* Info.plist */,
				3759CDD31DDC721F006BE20B /* Images */,
			);
			name = Resource;
			sourceTree = "<group>";
		};
		3793D87C1DDACAFE00AF87A8 /* Util */ = {
			isa = PBXGroup;
			children = (
				3793D8841DDACAFE00AF87A8 /* Util_OC */,
				3793D87D1DDACAFE00AF87A8 /* HttpManager.swift */,
				3793D87E1DDACAFE00AF87A8 /* JDataModel.swift */,
				3793D87F1DDACAFE00AF87A8 /* String.swift */,
				3793D8801DDACAFE00AF87A8 /* UIColor+Extension.swift */,
				3793D8811DDACAFE00AF87A8 /* UIImage+Extension.swift */,
				3793D8821DDACAFE00AF87A8 /* UIView+Extension.swift */,
				3793D8831DDACAFE00AF87A8 /* Util.swift */,
				37E873851DE02588008A99F6 /* Hud.swift */,
			);
			path = Util;
			sourceTree = "<group>";
		};
		3793D8841DDACAFE00AF87A8 /* Util_OC */ = {
			isa = PBXGroup;
			children = (
				3793D8851DDACAFE00AF87A8 /* JCacheManager.h */,
				3793D8861DDACAFE00AF87A8 /* JCacheManager.m */,
			);
			path = Util_OC;
			sourceTree = "<group>";
		};
		3793D8871DDACAFE00AF87A8 /* Classes */ = {
			isa = PBXGroup;
			children = (
				37BDE6571DDAFB66009C98CE /* Account */,
				3793D8881DDACAFE00AF87A8 /* Main */,
			);
			path = Classes;
			sourceTree = "<group>";
		};
		3793D8881DDACAFE00AF87A8 /* Main */ = {
			isa = PBXGroup;
			children = (
				3793D8891DDACAFE00AF87A8 /* Controller */,
				3793D88B1DDACAFE00AF87A8 /* Model */,
				3793D88C1DDACAFE00AF87A8 /* View */,
			);
			path = Main;
			sourceTree = "<group>";
		};
		3793D8891DDACAFE00AF87A8 /* Controller */ = {
			isa = PBXGroup;
			children = (
				3793D88A1DDACAFE00AF87A8 /* BMainViewController.swift */,
				37F7766E1DE2EF1500557F9A /* BRecordViewController.swift */,
				378938B61DFD38C7002C2F7A /* BBreastMilkViewController.swift */,
				378938BA1DFD392E002C2F7A /* BBottledMilkViewController.swift */,
				37F776701DE2EF5C00557F9A /* BScheduleViewController.swift */,
				37F776721DE2EF6500557F9A /* BMineViewController.swift */,
			);
			path = Controller;
			sourceTree = "<group>";
		};
		3793D88B1DDACAFE00AF87A8 /* Model */ = {
			isa = PBXGroup;
			children = (
				37961A9B1E800D1500F5AB67 /* BBreastMilkDataModel.swift */,
				371E9F9C1E8103DC00242B74 /* BBottledMilkDataModel.swift */,
			);
			path = Model;
			sourceTree = "<group>";
		};
		3793D88C1DDACAFE00AF87A8 /* View */ = {
			isa = PBXGroup;
			children = (
				37F7766C1DE2C28400557F9A /* BMainTabBar.swift */,
				37961A9D1E800DE800F5AB67 /* BSegmentControl.swift */,
				37961A9F1E800E5600F5AB67 /* BMainBabiesScrollView.swift */,
				37389C2B1E7037D400913D26 /* BBreastMilkTableViewCell.swift */,
				37961A991E800CE100F5AB67 /* BBreastMilkAddView.swift */,
				371E9F9A1E80FA4500242B74 /* BBottledMilkAddView.swift */,
				371E9F9E1E81163600242B74 /* BBottledMilkTableViewCell.swift */,
			);
			path = View;
			sourceTree = "<group>";
		};
		3793D88D1DDACAFE00AF87A8 /* Common */ = {
			isa = PBXGroup;
			children = (
				3793D88E1DDACAFE00AF87A8 /* JBaseTableViewCell.swift */,
				3793D88F1DDACAFE00AF87A8 /* JBaseViewController.swift */,
				37F7766A1DE1FABE00557F9A /* JWebViewController.swift */,
				3793D8901DDACAFE00AF87A8 /* JHttpTableViewController.swift */,
				3793D8911DDACAFE00AF87A8 /* JLoadMoreTableViewCell.swift */,
				3793D8921DDACAFE00AF87A8 /* JNavigationController.swift */,
				3793D8931DDACAFE00AF87A8 /* JOnePixLineView.swift */,
				3793D8941DDACAFE00AF87A8 /* JPullRefreshLoadMoreViewController.swift */,
				3793D8951DDACAFE00AF87A8 /* JPullRefreshViewController.swift */,
				3793D8961DDACAFE00AF87A8 /* JRefreshView.swift */,
				3759CDDF1DDCCBBE006BE20B /* Entity.swift */,
				37961A971E800C4500F5AB67 /* JCoverShadowView.swift */,
			);
			path = Common;
			sourceTree = "<group>";
		};
		37BDE6571DDAFB66009C98CE /* Account */ = {
			isa = PBXGroup;
			children = (
				37BDE6581DDAFB66009C98CE /* Controller */,
				37BDE6591DDAFB66009C98CE /* Model */,
				37BDE65A1DDAFB66009C98CE /* View */,
			);
			path = Account;
			sourceTree = "<group>";
		};
		37BDE6581DDAFB66009C98CE /* Controller */ = {
			isa = PBXGroup;
			children = (
				37BDE65B1DDAFB82009C98CE /* BLoginViewController.swift */,
				3724B2181DE18D42008D5EB3 /* BRegisterViewController.swift */,
			);
			path = Controller;
			sourceTree = "<group>";
		};
		37BDE6591DDAFB66009C98CE /* Model */ = {
			isa = PBXGroup;
			children = (
				3759CDE11DDD96DF006BE20B /* BUser.swift */,
				3772B8741DDF777D00026276 /* BUserSession.swift */,
			);
			path = Model;
			sourceTree = "<group>";
		};
		37BDE65A1DDAFB66009C98CE /* View */ = {
			isa = PBXGroup;
			children = (
			);
			path = View;
			sourceTree = "<group>";
		};
		71195BD2DEF88DA2961FED07 /* Frameworks */ = {
			isa = PBXGroup;
			children = (
				5D8F9DA3FE7DC483C8A95E72 /* Pods_BabyCare.framework */,
			);
			name = Frameworks;
			sourceTree = "<group>";
		};
		C7E4CB07A7A53BD488A59C42 /* Pods */ = {
			isa = PBXGroup;
			children = (
				519F11A5A333A296BBC0B454 /* Pods-BabyCare.debug.xcconfig */,
				5B4AB3BB0D336FE9A5605557 /* Pods-BabyCare.release.xcconfig */,
			);
			name = Pods;
			sourceTree = "<group>";
		};
/* End PBXGroup section */

/* Begin PBXNativeTarget section */
		3793D8611DDACAB400AF87A8 /* BabyCare */ = {
			isa = PBXNativeTarget;
			buildConfigurationList = 3793D8741DDACAB400AF87A8 /* Build configuration list for PBXNativeTarget "BabyCare" */;
			buildPhases = (
				0CC88971E2EB1F27A9D191FF /* [CP] Check Pods Manifest.lock */,
				3793D85E1DDACAB400AF87A8 /* Sources */,
				3793D85F1DDACAB400AF87A8 /* Frameworks */,
				3793D8601DDACAB400AF87A8 /* Resources */,
				57DB90FA3B635AF0829EBB6A /* [CP] Embed Pods Frameworks */,
				4CAA92C582FB506401B26659 /* [CP] Copy Pods Resources */,
			);
			buildRules = (
			);
			dependencies = (
			);
			name = BabyCare;
			productName = BabyCare;
			productReference = 3793D8621DDACAB400AF87A8 /* BabyCare.app */;
			productType = "com.apple.product-type.application";
		};
/* End PBXNativeTarget section */

/* Begin PBXProject section */
		3793D85A1DDACAB400AF87A8 /* Project object */ = {
			isa = PBXProject;
			attributes = {
				LastSwiftUpdateCheck = 0810;
				LastUpgradeCheck = 0810;
				ORGANIZATIONNAME = JL;
				TargetAttributes = {
					3793D8611DDACAB400AF87A8 = {
						CreatedOnToolsVersion = 8.1;
						DevelopmentTeam = 57ZK8687SF;
						LastSwiftMigration = 0810;
						ProvisioningStyle = Automatic;
					};
				};
			};
			buildConfigurationList = 3793D85D1DDACAB400AF87A8 /* Build configuration list for PBXProject "BabyCare" */;
			compatibilityVersion = "Xcode 3.2";
			developmentRegion = English;
			hasScannedForEncodings = 0;
			knownRegions = (
				en,
				Base,
			);
			mainGroup = 3793D8591DDACAB400AF87A8;
			productRefGroup = 3793D8631DDACAB400AF87A8 /* Products */;
			projectDirPath = "";
			projectRoot = "";
			targets = (
				3793D8611DDACAB400AF87A8 /* BabyCare */,
			);
		};
/* End PBXProject section */

/* Begin PBXResourcesBuildPhase section */
		3793D8601DDACAB400AF87A8 /* Resources */ = {
			isa = PBXResourcesBuildPhase;
			buildActionMask = 2147483647;
			files = (
				3793D86D1DDACAB400AF87A8 /* Assets.xcassets in Resources */,
				3759CDDB1DDC726A006BE20B /* login_phone@2x.png in Resources */,
				3759CDD91DDC726A006BE20B /* login_password@2x.png in Resources */,
				3724B2221DE1937E008D5EB3 /* register_verifyCode@2x.png in Resources */,
				3759CDDC1DDC726A006BE20B /* login_phone@3x.png in Resources */,
				3724B21D1DE18F91008D5EB3 /* common_close@2x.png in Resources */,
				3724B21E1DE18F91008D5EB3 /* common_close@3x.png in Resources */,
				3759CDDA1DDC726A006BE20B /* login_password@3x.png in Resources */,
				3724B2231DE1937E008D5EB3 /* register_verifyCode@3x.png in Resources */,
			);
			runOnlyForDeploymentPostprocessing = 0;
		};
/* End PBXResourcesBuildPhase section */

/* Begin PBXShellScriptBuildPhase section */
		0CC88971E2EB1F27A9D191FF /* [CP] Check Pods Manifest.lock */ = {
			isa = PBXShellScriptBuildPhase;
			buildActionMask = 2147483647;
			files = (
			);
			inputPaths = (
			);
			name = "[CP] Check Pods Manifest.lock";
			outputPaths = (
			);
			runOnlyForDeploymentPostprocessing = 0;
			shellPath = /bin/sh;
			shellScript = "diff \"${PODS_PODFILE_DIR_PATH}/Podfile.lock\" \"${PODS_ROOT}/Manifest.lock\" > /dev/null\nif [ $? != 0 ] ; then\n    # print error to STDERR\n    echo \"error: The sandbox is not in sync with the Podfile.lock. Run 'pod install' or update your CocoaPods installation.\" >&2\n    exit 1\nfi\n";
			showEnvVarsInLog = 0;
		};
		4CAA92C582FB506401B26659 /* [CP] Copy Pods Resources */ = {
			isa = PBXShellScriptBuildPhase;
			buildActionMask = 2147483647;
			files = (
			);
			inputPaths = (
			);
			name = "[CP] Copy Pods Resources";
			outputPaths = (
			);
			runOnlyForDeploymentPostprocessing = 0;
			shellPath = /bin/sh;
			shellScript = "\"${SRCROOT}/Pods/Target Support Files/Pods-BabyCare/Pods-BabyCare-resources.sh\"\n";
			showEnvVarsInLog = 0;
		};
		57DB90FA3B635AF0829EBB6A /* [CP] Embed Pods Frameworks */ = {
			isa = PBXShellScriptBuildPhase;
			buildActionMask = 2147483647;
			files = (
			);
			inputPaths = (
			);
			name = "[CP] Embed Pods Frameworks";
			outputPaths = (
			);
			runOnlyForDeploymentPostprocessing = 0;
			shellPath = /bin/sh;
			shellScript = "\"${SRCROOT}/Pods/Target Support Files/Pods-BabyCare/Pods-BabyCare-frameworks.sh\"\n";
			showEnvVarsInLog = 0;
		};
/* End PBXShellScriptBuildPhase section */

/* Begin PBXSourcesBuildPhase section */
		3793D85E1DDACAB400AF87A8 /* Sources */ = {
			isa = PBXSourcesBuildPhase;
			buildActionMask = 2147483647;
			files = (
				3793D8A61DDACAFE00AF87A8 /* JPullRefreshLoadMoreViewController.swift in Sources */,
				3793D8A51DDACAFE00AF87A8 /* JOnePixLineView.swift in Sources */,
				37F776711DE2EF5C00557F9A /* BScheduleViewController.swift in Sources */,
				3793D8A11DDACAFE00AF87A8 /* JBaseViewController.swift in Sources */,
				37961A9A1E800CE100F5AB67 /* BBreastMilkAddView.swift in Sources */,
				3793D8A31DDACAFE00AF87A8 /* JLoadMoreTableViewCell.swift in Sources */,
				37961A9E1E800DE800F5AB67 /* BSegmentControl.swift in Sources */,
				37F776731DE2EF6500557F9A /* BMineViewController.swift in Sources */,
				37F7766F1DE2EF1500557F9A /* BRecordViewController.swift in Sources */,
				3793D8A01DDACAFE00AF87A8 /* JBaseTableViewCell.swift in Sources */,
				3793D8661DDACAB400AF87A8 /* AppDelegate.swift in Sources */,
				3793D8A71DDACAFE00AF87A8 /* JPullRefreshViewController.swift in Sources */,
				3759CDE21DDD96DF006BE20B /* BUser.swift in Sources */,
				3793D89E1DDACAFE00AF87A8 /* JCacheManager.m in Sources */,
				371E9F9D1E8103DC00242B74 /* BBottledMilkDataModel.swift in Sources */,
				3793D89C1DDACAFE00AF87A8 /* UIView+Extension.swift in Sources */,
				378938BB1DFD392E002C2F7A /* BBottledMilkViewController.swift in Sources */,
				371E9F9B1E80FA4500242B74 /* BBottledMilkAddView.swift in Sources */,
				371E9F9F1E81163600242B74 /* BBottledMilkTableViewCell.swift in Sources */,
				3793D8981DDACAFE00AF87A8 /* JDataModel.swift in Sources */,
				3759CDE01DDCCBBE006BE20B /* Entity.swift in Sources */,
				37F7766B1DE1FABE00557F9A /* JWebViewController.swift in Sources */,
				3793D8A21DDACAFE00AF87A8 /* JHttpTableViewController.swift in Sources */,
				37961AA01E800E5600F5AB67 /* BMainBabiesScrollView.swift in Sources */,
				3772B8751DDF777D00026276 /* BUserSession.swift in Sources */,
				37F7766D1DE2C28400557F9A /* BMainTabBar.swift in Sources */,
				3793D8A41DDACAFE00AF87A8 /* JNavigationController.swift in Sources */,
				37961A981E800C4500F5AB67 /* JCoverShadowView.swift in Sources */,
				37E873861DE02588008A99F6 /* Hud.swift in Sources */,
				3793D89D1DDACAFE00AF87A8 /* Util.swift in Sources */,
				3793D8991DDACAFE00AF87A8 /* String.swift in Sources */,
				37389C2C1E7037D400913D26 /* BBreastMilkTableViewCell.swift in Sources */,
				3793D89B1DDACAFE00AF87A8 /* UIImage+Extension.swift in Sources */,
				3793D8971DDACAFE00AF87A8 /* HttpManager.swift in Sources */,
				37961A9C1E800D1500F5AB67 /* BBreastMilkDataModel.swift in Sources */,
				3724B2191DE18D42008D5EB3 /* BRegisterViewController.swift in Sources */,
				37BDE6541DDAD392009C98CE /* Macros.swift in Sources */,
				378938B71DFD38C7002C2F7A /* BBreastMilkViewController.swift in Sources */,
				3793D89F1DDACAFE00AF87A8 /* BMainViewController.swift in Sources */,
				37BDE65C1DDAFB82009C98CE /* BLoginViewController.swift in Sources */,
				3793D8A81DDACAFE00AF87A8 /* JRefreshView.swift in Sources */,
				3793D89A1DDACAFE00AF87A8 /* UIColor+Extension.swift in Sources */,
			);
			runOnlyForDeploymentPostprocessing = 0;
		};
/* End PBXSourcesBuildPhase section */

/* Begin XCBuildConfiguration section */
		3793D8721DDACAB400AF87A8 /* Debug */ = {
			isa = XCBuildConfiguration;
			buildSettings = {
				ALWAYS_SEARCH_USER_PATHS = NO;
				CLANG_ANALYZER_NONNULL = YES;
				CLANG_CXX_LANGUAGE_STANDARD = "gnu++0x";
				CLANG_CXX_LIBRARY = "libc++";
				CLANG_ENABLE_MODULES = YES;
				CLANG_ENABLE_OBJC_ARC = YES;
				CLANG_WARN_BOOL_CONVERSION = YES;
				CLANG_WARN_CONSTANT_CONVERSION = YES;
				CLANG_WARN_DIRECT_OBJC_ISA_USAGE = YES_ERROR;
				CLANG_WARN_DOCUMENTATION_COMMENTS = YES;
				CLANG_WARN_EMPTY_BODY = YES;
				CLANG_WARN_ENUM_CONVERSION = YES;
				CLANG_WARN_INFINITE_RECURSION = YES;
				CLANG_WARN_INT_CONVERSION = YES;
				CLANG_WARN_OBJC_ROOT_CLASS = YES_ERROR;
				CLANG_WARN_SUSPICIOUS_MOVE = YES;
				CLANG_WARN_SUSPICIOUS_MOVES = YES;
				CLANG_WARN_UNREACHABLE_CODE = YES;
				CLANG_WARN__DUPLICATE_METHOD_MATCH = YES;
				"CODE_SIGN_IDENTITY[sdk=iphoneos*]" = "iPhone Developer";
				COPY_PHASE_STRIP = NO;
				DEBUG_INFORMATION_FORMAT = dwarf;
				ENABLE_STRICT_OBJC_MSGSEND = YES;
				ENABLE_TESTABILITY = YES;
				GCC_C_LANGUAGE_STANDARD = gnu99;
				GCC_DYNAMIC_NO_PIC = NO;
				GCC_NO_COMMON_BLOCKS = YES;
				GCC_OPTIMIZATION_LEVEL = 0;
				GCC_PREPROCESSOR_DEFINITIONS = (
					"DEBUG=1",
					"$(inherited)",
				);
				GCC_WARN_64_TO_32_BIT_CONVERSION = YES;
				GCC_WARN_ABOUT_RETURN_TYPE = YES_ERROR;
				GCC_WARN_UNDECLARED_SELECTOR = YES;
				GCC_WARN_UNINITIALIZED_AUTOS = YES_AGGRESSIVE;
				GCC_WARN_UNUSED_FUNCTION = YES;
				GCC_WARN_UNUSED_VARIABLE = YES;
				IPHONEOS_DEPLOYMENT_TARGET = 9.0;
				MTL_ENABLE_DEBUG_INFO = YES;
				ONLY_ACTIVE_ARCH = YES;
				SDKROOT = iphoneos;
				SWIFT_ACTIVE_COMPILATION_CONDITIONS = DEBUG;
				SWIFT_OPTIMIZATION_LEVEL = "-Onone";
			};
			name = Debug;
		};
		3793D8731DDACAB400AF87A8 /* Release */ = {
			isa = XCBuildConfiguration;
			buildSettings = {
				ALWAYS_SEARCH_USER_PATHS = NO;
				CLANG_ANALYZER_NONNULL = YES;
				CLANG_CXX_LANGUAGE_STANDARD = "gnu++0x";
				CLANG_CXX_LIBRARY = "libc++";
				CLANG_ENABLE_MODULES = YES;
				CLANG_ENABLE_OBJC_ARC = YES;
				CLANG_WARN_BOOL_CONVERSION = YES;
				CLANG_WARN_CONSTANT_CONVERSION = YES;
				CLANG_WARN_DIRECT_OBJC_ISA_USAGE = YES_ERROR;
				CLANG_WARN_DOCUMENTATION_COMMENTS = YES;
				CLANG_WARN_EMPTY_BODY = YES;
				CLANG_WARN_ENUM_CONVERSION = YES;
				CLANG_WARN_INFINITE_RECURSION = YES;
				CLANG_WARN_INT_CONVERSION = YES;
				CLANG_WARN_OBJC_ROOT_CLASS = YES_ERROR;
				CLANG_WARN_SUSPICIOUS_MOVE = YES;
				CLANG_WARN_SUSPICIOUS_MOVES = YES;
				CLANG_WARN_UNREACHABLE_CODE = YES;
				CLANG_WARN__DUPLICATE_METHOD_MATCH = YES;
				"CODE_SIGN_IDENTITY[sdk=iphoneos*]" = "iPhone Developer";
				COPY_PHASE_STRIP = NO;
				DEBUG_INFORMATION_FORMAT = "dwarf-with-dsym";
				ENABLE_NS_ASSERTIONS = NO;
				ENABLE_STRICT_OBJC_MSGSEND = YES;
				GCC_C_LANGUAGE_STANDARD = gnu99;
				GCC_NO_COMMON_BLOCKS = YES;
				GCC_WARN_64_TO_32_BIT_CONVERSION = YES;
				GCC_WARN_ABOUT_RETURN_TYPE = YES_ERROR;
				GCC_WARN_UNDECLARED_SELECTOR = YES;
				GCC_WARN_UNINITIALIZED_AUTOS = YES_AGGRESSIVE;
				GCC_WARN_UNUSED_FUNCTION = YES;
				GCC_WARN_UNUSED_VARIABLE = YES;
				IPHONEOS_DEPLOYMENT_TARGET = 9.0;
				MTL_ENABLE_DEBUG_INFO = NO;
				SDKROOT = iphoneos;
				SWIFT_OPTIMIZATION_LEVEL = "-Owholemodule";
				VALIDATE_PRODUCT = YES;
			};
			name = Release;
		};
		3793D8751DDACAB400AF87A8 /* Debug */ = {
			isa = XCBuildConfiguration;
			baseConfigurationReference = 519F11A5A333A296BBC0B454 /* Pods-BabyCare.debug.xcconfig */;
			buildSettings = {
				ALWAYS_EMBED_SWIFT_STANDARD_LIBRARIES = YES;
				ASSETCATALOG_COMPILER_APPICON_NAME = AppIcon;
				ASSETCATALOG_COMPILER_LAUNCHIMAGE_NAME = LaunchImage;
				CLANG_ENABLE_MODULES = YES;
				DEVELOPMENT_TEAM = 57ZK8687SF;
				INFOPLIST_FILE = BabyCare/Info.plist;
				LD_RUNPATH_SEARCH_PATHS = "$(inherited) @executable_path/Frameworks";
				PRODUCT_BUNDLE_IDENTIFIER = com.jiangliang.BabyCare;
				PRODUCT_NAME = "$(TARGET_NAME)";
				SWIFT_OBJC_BRIDGING_HEADER = "BabyCare/BabyCare-Bridging-Header.h";
				SWIFT_OPTIMIZATION_LEVEL = "-Onone";
				SWIFT_VERSION = 3.0;
			};
			name = Debug;
		};
		3793D8761DDACAB400AF87A8 /* Release */ = {
			isa = XCBuildConfiguration;
			baseConfigurationReference = 5B4AB3BB0D336FE9A5605557 /* Pods-BabyCare.release.xcconfig */;
			buildSettings = {
				ALWAYS_EMBED_SWIFT_STANDARD_LIBRARIES = YES;
				ASSETCATALOG_COMPILER_APPICON_NAME = AppIcon;
				ASSETCATALOG_COMPILER_LAUNCHIMAGE_NAME = LaunchImage;
				CLANG_ENABLE_MODULES = YES;
				DEVELOPMENT_TEAM = 57ZK8687SF;
				INFOPLIST_FILE = BabyCare/Info.plist;
				LD_RUNPATH_SEARCH_PATHS = "$(inherited) @executable_path/Frameworks";
				PRODUCT_BUNDLE_IDENTIFIER = com.jiangliang.BabyCare;
				PRODUCT_NAME = "$(TARGET_NAME)";
				SWIFT_OBJC_BRIDGING_HEADER = "BabyCare/BabyCare-Bridging-Header.h";
				SWIFT_VERSION = 3.0;
			};
			name = Release;
		};
/* End XCBuildConfiguration section */

/* Begin XCConfigurationList section */
		3793D85D1DDACAB400AF87A8 /* Build configuration list for PBXProject "BabyCare" */ = {
			isa = XCConfigurationList;
			buildConfigurations = (
				3793D8721DDACAB400AF87A8 /* Debug */,
				3793D8731DDACAB400AF87A8 /* Release */,
			);
			defaultConfigurationIsVisible = 0;
			defaultConfigurationName = Release;
		};
		3793D8741DDACAB400AF87A8 /* Build configuration list for PBXNativeTarget "BabyCare" */ = {
			isa = XCConfigurationList;
			buildConfigurations = (
				3793D8751DDACAB400AF87A8 /* Debug */,
				3793D8761DDACAB400AF87A8 /* Release */,
			);
			defaultConfigurationIsVisible = 0;
			defaultConfigurationName = Release;
		};
/* End XCConfigurationList section */
	};
	rootObject = 3793D85A1DDACAB400AF87A8 /* Project object */;
}
